
Microsoft Visual Studio Solution File, Format Version 12.00
# Visual Studio Version 17
VisualStudioVersion = 17.0.31903.59
MinimumVisualStudioVersion = 10.0.40219.1
Project("{2150E333-8FDC-42A3-9474-1A3956D46DE8}") = "src", "src", "{827E0CD3-B72D-47B6-A68D-7590B98EB39B}"
EndProject
Project("{FAE04EC0-301F-11D3-BF4B-00C04F79EFBC}") = "Basket.API", "src\Basket.API\Basket.API.csproj", "{F14CE3B1-3715-44D9-AE36-98DC8A0E2A4D}"
EndProject
Project("{FAE04EC0-301F-11D3-BF4B-00C04F79EFBC}") = "eShop.ServiceDefaults", "src\eShop.ServiceDefaults\eShop.ServiceDefaults.csproj", "{187D433A-C5C9-462C-8141-AC94D9B8CB7A}"
EndProject
Project("{FAE04EC0-301F-11D3-BF4B-00C04F79EFBC}") = "EventBusRabbitMQ", "src\EventBusRabbitMQ\EventBusRabbitMQ.csproj", "{61298BF4-3F9C-428B-BA89-7220A4033139}"
EndProject
Project("{FAE04EC0-301F-11D3-BF4B-00C04F79EFBC}") = "EventBus", "src\EventBus\EventBus.csproj", "{DFEEF160-EFD9-41FD-A5FF-71E533116323}"
EndProject
Project("{FAE04EC0-301F-11D3-BF4B-00C04F79EFBC}") = "Catalog.API", "src\Catalog.API\Catalog.API.csproj", "{DBDB9B34-7322-47E7-8FEB-F64ADE89AD1D}"
EndProject
Project("{FAE04EC0-301F-11D3-BF4B-00C04F79EFBC}") = "IntegrationEventLogEF", "src\IntegrationEventLogEF\IntegrationEventLogEF.csproj", "{E64FC176-39B3-431A-AB82-9879D9385072}"
EndProject
Project("{FAE04EC0-301F-11D3-BF4B-00C04F79EFBC}") = "Identity.API", "src\Identity.API\Identity.API.csproj", "{A9FC329C-7B6B-43F1-B2AD-EC1D4012A90D}"
EndProject
Project("{FAE04EC0-301F-11D3-BF4B-00C04F79EFBC}") = "Ordering.API", "src\Ordering.API\Ordering.API.csproj", "{2B33AF59-495F-4BC9-9996-6395657A316F}"
EndProject
Project("{FAE04EC0-301F-11D3-BF4B-00C04F79EFBC}") = "Ordering.Domain", "src\Ordering.Domain\Ordering.Domain.csproj", "{0E91B777-ED38-4761-8889-8542DCDDA33D}"
EndProject
Project("{FAE04EC0-301F-11D3-BF4B-00C04F79EFBC}") = "Ordering.Infrastructure", "src\Ordering.Infrastructure\Ordering.Infrastructure.csproj", "{F83D3169-783D-4121-86C7-09715D6840F9}"
EndProject
Project("{FAE04EC0-301F-11D3-BF4B-00C04F79EFBC}") = "OrderProcessor", "src\OrderProcessor\OrderProcessor.csproj", "{1FE837CE-884E-464F-9236-393863C30817}"
EndProject
Project("{FAE04EC0-301F-11D3-BF4B-00C04F79EFBC}") = "PaymentProcessor", "src\PaymentProcessor\PaymentProcessor.csproj", "{D8CB9CBE-C7E7-4A06-BC40-A794D4673FBD}"
EndProject
Project("{FAE04EC0-301F-11D3-BF4B-00C04F79EFBC}") = "WebAppComponents", "src\WebAppComponents\WebAppComponents.csproj", "{67B052B8-DD00-486E-9471-3FD8DB97E534}"
EndProject
Project("{FAE04EC0-301F-11D3-BF4B-00C04F79EFBC}") = "WebApp", "src\WebApp\WebApp.csproj", "{7C5FBC57-2E17-47D8-BA87-9A4904D37600}"
EndProject
Project("{FAE04EC0-301F-11D3-BF4B-00C04F79EFBC}") = "WebhookClient", "src\WebhookClient\WebhookClient.csproj", "{7C9424AC-C85D-48A5-9023-46877D310F7C}"
EndProject
Project("{FAE04EC0-301F-11D3-BF4B-00C04F79EFBC}") = "Webhooks.API", "src\Webhooks.API\Webhooks.API.csproj", "{D143526F-9783-418A-9BB4-FB84403CCFE7}"
EndProject
Project("{FAE04EC0-301F-11D3-BF4B-00C04F79EFBC}") = "eShop.AppHost", "src\eShop.AppHost\eShop.AppHost.csproj", "{5622660F-A5D7-4BB3-B7DA-C2DD2B92EBE9}"
EndProject
Project("{2150E333-8FDC-42A3-9474-1A3956D46DE8}") = "tests", "tests", "{0AB3BF05-4346-4AA6-1389-037BE0695223}"
EndProject
Project("{FAE04EC0-301F-11D3-BF4B-00C04F79EFBC}") = "Basket.UnitTests", "tests\Basket.UnitTests\Basket.UnitTests.csproj", "{CABDABF4-92C8-4A53-8242-54ED62790FCD}"
EndProject
Project("{FAE04EC0-301F-11D3-BF4B-00C04F79EFBC}") = "Catalog.FunctionalTests", "tests\Catalog.FunctionalTests\Catalog.FunctionalTests.csproj", "{FD831759-6FEB-4717-9988-625BF929E024}"
EndProject
Project("{FAE04EC0-301F-11D3-BF4B-00C04F79EFBC}") = "Ordering.FunctionalTests", "tests\Ordering.FunctionalTests\Ordering.FunctionalTests.csproj", "{2135FE66-87D0-4988-8DB1-0C1B3D753049}"
EndProject
Project("{FAE04EC0-301F-11D3-BF4B-00C04F79EFBC}") = "Ordering.UnitTests", "tests\Ordering.UnitTests\Ordering.UnitTests.csproj", "{4726D24E-1588-4CE5-9BF4-99CD3B583244}"
EndProject
Global
	GlobalSection(SolutionConfigurationPlatforms) = preSolution
		Debug|Any CPU = Debug|Any CPU
		Debug|x64 = Debug|x64
		Debug|x86 = Debug|x86
		Release|Any CPU = Release|Any CPU
		Release|x64 = Release|x64
		Release|x86 = Release|x86
	EndGlobalSection
	GlobalSection(ProjectConfigurationPlatforms) = postSolution
		{F14CE3B1-3715-44D9-AE36-98DC8A0E2A4D}.Debug|Any CPU.ActiveCfg = Debug|Any CPU
		{F14CE3B1-3715-44D9-AE36-98DC8A0E2A4D}.Debug|Any CPU.Build.0 = Debug|Any CPU
		{F14CE3B1-3715-44D9-AE36-98DC8A0E2A4D}.Debug|x64.ActiveCfg = Debug|Any CPU
		{F14CE3B1-3715-44D9-AE36-98DC8A0E2A4D}.Debug|x64.Build.0 = Debug|Any CPU
		{F14CE3B1-3715-44D9-AE36-98DC8A0E2A4D}.Debug|x86.ActiveCfg = Debug|Any CPU
		{F14CE3B1-3715-44D9-AE36-98DC8A0E2A4D}.Debug|x86.Build.0 = Debug|Any CPU
		{F14CE3B1-3715-44D9-AE36-98DC8A0E2A4D}.Release|Any CPU.ActiveCfg = Release|Any CPU
		{F14CE3B1-3715-44D9-AE36-98DC8A0E2A4D}.Release|Any CPU.Build.0 = Release|Any CPU
		{F14CE3B1-3715-44D9-AE36-98DC8A0E2A4D}.Release|x64.ActiveCfg = Release|Any CPU
		{F14CE3B1-3715-44D9-AE36-98DC8A0E2A4D}.Release|x64.Build.0 = Release|Any CPU
		{F14CE3B1-3715-44D9-AE36-98DC8A0E2A4D}.Release|x86.ActiveCfg = Release|Any CPU
		{F14CE3B1-3715-44D9-AE36-98DC8A0E2A4D}.Release|x86.Build.0 = Release|Any CPU
		{187D433A-C5C9-462C-8141-AC94D9B8CB7A}.Debug|Any CPU.ActiveCfg = Debug|Any CPU
		{187D433A-C5C9-462C-8141-AC94D9B8CB7A}.Debug|Any CPU.Build.0 = Debug|Any CPU
		{187D433A-C5C9-462C-8141-AC94D9B8CB7A}.Debug|x64.ActiveCfg = Debug|Any CPU
		{187D433A-C5C9-462C-8141-AC94D9B8CB7A}.Debug|x64.Build.0 = Debug|Any CPU
		{187D433A-C5C9-462C-8141-AC94D9B8CB7A}.Debug|x86.ActiveCfg = Debug|Any CPU
		{187D433A-C5C9-462C-8141-AC94D9B8CB7A}.Debug|x86.Build.0 = Debug|Any CPU
		{187D433A-C5C9-462C-8141-AC94D9B8CB7A}.Release|Any CPU.ActiveCfg = Release|Any CPU
		{187D433A-C5C9-462C-8141-AC94D9B8CB7A}.Release|Any CPU.Build.0 = Release|Any CPU
		{187D433A-C5C9-462C-8141-AC94D9B8CB7A}.Release|x64.ActiveCfg = Release|Any CPU
		{187D433A-C5C9-462C-8141-AC94D9B8CB7A}.Release|x64.Build.0 = Release|Any CPU
		{187D433A-C5C9-462C-8141-AC94D9B8CB7A}.Release|x86.ActiveCfg = Release|Any CPU
		{187D433A-C5C9-462C-8141-AC94D9B8CB7A}.Release|x86.Build.0 = Release|Any CPU
		{61298BF4-3F9C-428B-BA89-7220A4033139}.Debug|Any CPU.ActiveCfg = Debug|Any CPU
		{61298BF4-3F9C-428B-BA89-7220A4033139}.Debug|Any CPU.Build.0 = Debug|Any CPU
		{61298BF4-3F9C-428B-BA89-7220A4033139}.Debug|x64.ActiveCfg = Debug|Any CPU
		{61298BF4-3F9C-428B-BA89-7220A4033139}.Debug|x64.Build.0 = Debug|Any CPU
		{61298BF4-3F9C-428B-BA89-7220A4033139}.Debug|x86.ActiveCfg = Debug|Any CPU
		{61298BF4-3F9C-428B-BA89-7220A4033139}.Debug|x86.Build.0 = Debug|Any CPU
		{61298BF4-3F9C-428B-BA89-7220A4033139}.Release|Any CPU.ActiveCfg = Release|Any CPU
		{61298BF4-3F9C-428B-BA89-7220A4033139}.Release|Any CPU.Build.0 = Release|Any CPU
		{61298BF4-3F9C-428B-BA89-7220A4033139}.Release|x64.ActiveCfg = Release|Any CPU
		{61298BF4-3F9C-428B-BA89-7220A4033139}.Release|x64.Build.0 = Release|Any CPU
		{61298BF4-3F9C-428B-BA89-7220A4033139}.Release|x86.ActiveCfg = Release|Any CPU
		{61298BF4-3F9C-428B-BA89-7220A4033139}.Release|x86.Build.0 = Release|Any CPU
		{DFEEF160-EFD9-41FD-A5FF-71E533116323}.Debug|Any CPU.ActiveCfg = Debug|Any CPU
		{DFEEF160-EFD9-41FD-A5FF-71E533116323}.Debug|Any CPU.Build.0 = Debug|Any CPU
		{DFEEF160-EFD9-41FD-A5FF-71E533116323}.Debug|x64.ActiveCfg = Debug|Any CPU
		{DFEEF160-EFD9-41FD-A5FF-71E533116323}.Debug|x64.Build.0 = Debug|Any CPU
		{DFEEF160-EFD9-41FD-A5FF-71E533116323}.Debug|x86.ActiveCfg = Debug|Any CPU
		{DFEEF160-EFD9-41FD-A5FF-71E533116323}.Debug|x86.Build.0 = Debug|Any CPU
		{DFEEF160-EFD9-41FD-A5FF-71E533116323}.Release|Any CPU.ActiveCfg = Release|Any CPU
		{DFEEF160-EFD9-41FD-A5FF-71E533116323}.Release|Any CPU.Build.0 = Release|Any CPU
		{DFEEF160-EFD9-41FD-A5FF-71E533116323}.Release|x64.ActiveCfg = Release|Any CPU
		{DFEEF160-EFD9-41FD-A5FF-71E533116323}.Release|x64.Build.0 = Release|Any CPU
		{DFEEF160-EFD9-41FD-A5FF-71E533116323}.Release|x86.ActiveCfg = Release|Any CPU
		{DFEEF160-EFD9-41FD-A5FF-71E533116323}.Release|x86.Build.0 = Release|Any CPU
		{DBDB9B34-7322-47E7-8FEB-F64ADE89AD1D}.Debug|Any CPU.ActiveCfg = Debug|Any CPU
		{DBDB9B34-7322-47E7-8FEB-F64ADE89AD1D}.Debug|Any CPU.Build.0 = Debug|Any CPU
		{DBDB9B34-7322-47E7-8FEB-F64ADE89AD1D}.Debug|x64.ActiveCfg = Debug|Any CPU
		{DBDB9B34-7322-47E7-8FEB-F64ADE89AD1D}.Debug|x64.Build.0 = Debug|Any CPU
		{DBDB9B34-7322-47E7-8FEB-F64ADE89AD1D}.Debug|x86.ActiveCfg = Debug|Any CPU
		{DBDB9B34-7322-47E7-8FEB-F64ADE89AD1D}.Debug|x86.Build.0 = Debug|Any CPU
		{DBDB9B34-7322-47E7-8FEB-F64ADE89AD1D}.Release|Any CPU.ActiveCfg = Release|Any CPU
		{DBDB9B34-7322-47E7-8FEB-F64ADE89AD1D}.Release|Any CPU.Build.0 = Release|Any CPU
		{DBDB9B34-7322-47E7-8FEB-F64ADE89AD1D}.Release|x64.ActiveCfg = Release|Any CPU
		{DBDB9B34-7322-47E7-8FEB-F64ADE89AD1D}.Release|x64.Build.0 = Release|Any CPU
		{DBDB9B34-7322-47E7-8FEB-F64ADE89AD1D}.Release|x86.ActiveCfg = Release|Any CPU
		{DBDB9B34-7322-47E7-8FEB-F64ADE89AD1D}.Release|x86.Build.0 = Release|Any CPU
		{E64FC176-39B3-431A-AB82-9879D9385072}.Debug|Any CPU.ActiveCfg = Debug|Any CPU
		{E64FC176-39B3-431A-AB82-9879D9385072}.Debug|Any CPU.Build.0 = Debug|Any CPU
		{E64FC176-39B3-431A-AB82-9879D9385072}.Debug|x64.ActiveCfg = Debug|Any CPU
		{E64FC176-39B3-431A-AB82-9879D9385072}.Debug|x64.Build.0 = Debug|Any CPU
		{E64FC176-39B3-431A-AB82-9879D9385072}.Debug|x86.ActiveCfg = Debug|Any CPU
		{E64FC176-39B3-431A-AB82-9879D9385072}.Debug|x86.Build.0 = Debug|Any CPU
		{E64FC176-39B3-431A-AB82-9879D9385072}.Release|Any CPU.ActiveCfg = Release|Any CPU
		{E64FC176-39B3-431A-AB82-9879D9385072}.Release|Any CPU.Build.0 = Release|Any CPU
		{E64FC176-39B3-431A-AB82-9879D9385072}.Release|x64.ActiveCfg = Release|Any CPU
		{E64FC176-39B3-431A-AB82-9879D9385072}.Release|x64.Build.0 = Release|Any CPU
		{E64FC176-39B3-431A-AB82-9879D9385072}.Release|x86.ActiveCfg = Release|Any CPU
		{E64FC176-39B3-431A-AB82-9879D9385072}.Release|x86.Build.0 = Release|Any CPU
		{A9FC329C-7B6B-43F1-B2AD-EC1D4012A90D}.Debug|Any CPU.ActiveCfg = Debug|Any CPU
		{A9FC329C-7B6B-43F1-B2AD-EC1D4012A90D}.Debug|Any CPU.Build.0 = Debug|Any CPU
		{A9FC329C-7B6B-43F1-B2AD-EC1D4012A90D}.Debug|x64.ActiveCfg = Debug|Any CPU
		{A9FC329C-7B6B-43F1-B2AD-EC1D4012A90D}.Debug|x64.Build.0 = Debug|Any CPU
		{A9FC329C-7B6B-43F1-B2AD-EC1D4012A90D}.Debug|x86.ActiveCfg = Debug|Any CPU
		{A9FC329C-7B6B-43F1-B2AD-EC1D4012A90D}.Debug|x86.Build.0 = Debug|Any CPU
		{A9FC329C-7B6B-43F1-B2AD-EC1D4012A90D}.Release|Any CPU.ActiveCfg = Release|Any CPU
		{A9FC329C-7B6B-43F1-B2AD-EC1D4012A90D}.Release|Any CPU.Build.0 = Release|Any CPU
		{A9FC329C-7B6B-43F1-B2AD-EC1D4012A90D}.Release|x64.ActiveCfg = Release|Any CPU
		{A9FC329C-7B6B-43F1-B2AD-EC1D4012A90D}.Release|x64.Build.0 = Release|Any CPU
		{A9FC329C-7B6B-43F1-B2AD-EC1D4012A90D}.Release|x86.ActiveCfg = Release|Any CPU
		{A9FC329C-7B6B-43F1-B2AD-EC1D4012A90D}.Release|x86.Build.0 = Release|Any CPU
		{2B33AF59-495F-4BC9-9996-6395657A316F}.Debug|Any CPU.ActiveCfg = Debug|Any CPU
		{2B33AF59-495F-4BC9-9996-6395657A316F}.Debug|Any CPU.Build.0 = Debug|Any CPU
		{2B33AF59-495F-4BC9-9996-6395657A316F}.Debug|x64.ActiveCfg = Debug|Any CPU
		{2B33AF59-495F-4BC9-9996-6395657A316F}.Debug|x64.Build.0 = Debug|Any CPU
		{2B33AF59-495F-4BC9-9996-6395657A316F}.Debug|x86.ActiveCfg = Debug|Any CPU
		{2B33AF59-495F-4BC9-9996-6395657A316F}.Debug|x86.Build.0 = Debug|Any CPU
		{2B33AF59-495F-4BC9-9996-6395657A316F}.Release|Any CPU.ActiveCfg = Release|Any CPU
		{2B33AF59-495F-4BC9-9996-6395657A316F}.Release|Any CPU.Build.0 = Release|Any CPU
		{2B33AF59-495F-4BC9-9996-6395657A316F}.Release|x64.ActiveCfg = Release|Any CPU
		{2B33AF59-495F-4BC9-9996-6395657A316F}.Release|x64.Build.0 = Release|Any CPU
		{2B33AF59-495F-4BC9-9996-6395657A316F}.Release|x86.ActiveCfg = Release|Any CPU
		{2B33AF59-495F-4BC9-9996-6395657A316F}.Release|x86.Build.0 = Release|Any CPU
		{0E91B777-ED38-4761-8889-8542DCDDA33D}.Debug|Any CPU.ActiveCfg = Debug|Any CPU
		{0E91B777-ED38-4761-8889-8542DCDDA33D}.Debug|Any CPU.Build.0 = Debug|Any CPU
		{0E91B777-ED38-4761-8889-8542DCDDA33D}.Debug|x64.ActiveCfg = Debug|Any CPU
		{0E91B777-ED38-4761-8889-8542DCDDA33D}.Debug|x64.Build.0 = Debug|Any CPU
		{0E91B777-ED38-4761-8889-8542DCDDA33D}.Debug|x86.ActiveCfg = Debug|Any CPU
		{0E91B777-ED38-4761-8889-8542DCDDA33D}.Debug|x86.Build.0 = Debug|Any CPU
		{0E91B777-ED38-4761-8889-8542DCDDA33D}.Release|Any CPU.ActiveCfg = Release|Any CPU
		{0E91B777-ED38-4761-8889-8542DCDDA33D}.Release|Any CPU.Build.0 = Release|Any CPU
		{0E91B777-ED38-4761-8889-8542DCDDA33D}.Release|x64.ActiveCfg = Release|Any CPU
		{0E91B777-ED38-4761-8889-8542DCDDA33D}.Release|x64.Build.0 = Release|Any CPU
		{0E91B777-ED38-4761-8889-8542DCDDA33D}.Release|x86.ActiveCfg = Release|Any CPU
		{0E91B777-ED38-4761-8889-8542DCDDA33D}.Release|x86.Build.0 = Release|Any CPU
		{F83D3169-783D-4121-86C7-09715D6840F9}.Debug|Any CPU.ActiveCfg = Debug|Any CPU
		{F83D3169-783D-4121-86C7-09715D6840F9}.Debug|Any CPU.Build.0 = Debug|Any CPU
		{F83D3169-783D-4121-86C7-09715D6840F9}.Debug|x64.ActiveCfg = Debug|Any CPU
		{F83D3169-783D-4121-86C7-09715D6840F9}.Debug|x64.Build.0 = Debug|Any CPU
		{F83D3169-783D-4121-86C7-09715D6840F9}.Debug|x86.ActiveCfg = Debug|Any CPU
		{F83D3169-783D-4121-86C7-09715D6840F9}.Debug|x86.Build.0 = Debug|Any CPU
		{F83D3169-783D-4121-86C7-09715D6840F9}.Release|Any CPU.ActiveCfg = Release|Any CPU
		{F83D3169-783D-4121-86C7-09715D6840F9}.Release|Any CPU.Build.0 = Release|Any CPU
		{F83D3169-783D-4121-86C7-09715D6840F9}.Release|x64.ActiveCfg = Release|Any CPU
		{F83D3169-783D-4121-86C7-09715D6840F9}.Release|x64.Build.0 = Release|Any CPU
		{F83D3169-783D-4121-86C7-09715D6840F9}.Release|x86.ActiveCfg = Release|Any CPU
		{F83D3169-783D-4121-86C7-09715D6840F9}.Release|x86.Build.0 = Release|Any CPU
		{1FE837CE-884E-464F-9236-393863C30817}.Debug|Any CPU.ActiveCfg = Debug|Any CPU
		{1FE837CE-884E-464F-9236-393863C30817}.Debug|Any CPU.Build.0 = Debug|Any CPU
		{1FE837CE-884E-464F-9236-393863C30817}.Debug|x64.ActiveCfg = Debug|Any CPU
		{1FE837CE-884E-464F-9236-393863C30817}.Debug|x64.Build.0 = Debug|Any CPU
		{1FE837CE-884E-464F-9236-393863C30817}.Debug|x86.ActiveCfg = Debug|Any CPU
		{1FE837CE-884E-464F-9236-393863C30817}.Debug|x86.Build.0 = Debug|Any CPU
		{1FE837CE-884E-464F-9236-393863C30817}.Release|Any CPU.ActiveCfg = Release|Any CPU
		{1FE837CE-884E-464F-9236-393863C30817}.Release|Any CPU.Build.0 = Release|Any CPU
		{1FE837CE-884E-464F-9236-393863C30817}.Release|x64.ActiveCfg = Release|Any CPU
		{1FE837CE-884E-464F-9236-393863C30817}.Release|x64.Build.0 = Release|Any CPU
		{1FE837CE-884E-464F-9236-393863C30817}.Release|x86.ActiveCfg = Release|Any CPU
		{1FE837CE-884E-464F-9236-393863C30817}.Release|x86.Build.0 = Release|Any CPU
		{D8CB9CBE-C7E7-4A06-BC40-A794D4673FBD}.Debug|Any CPU.ActiveCfg = Debug|Any CPU
		{D8CB9CBE-C7E7-4A06-BC40-A794D4673FBD}.Debug|Any CPU.Build.0 = Debug|Any CPU
		{D8CB9CBE-C7E7-4A06-BC40-A794D4673FBD}.Debug|x64.ActiveCfg = Debug|Any CPU
		{D8CB9CBE-C7E7-4A06-BC40-A794D4673FBD}.Debug|x64.Build.0 = Debug|Any CPU
		{D8CB9CBE-C7E7-4A06-BC40-A794D4673FBD}.Debug|x86.ActiveCfg = Debug|Any CPU
		{D8CB9CBE-C7E7-4A06-BC40-A794D4673FBD}.Debug|x86.Build.0 = Debug|Any CPU
		{D8CB9CBE-C7E7-4A06-BC40-A794D4673FBD}.Release|Any CPU.ActiveCfg = Release|Any CPU
		{D8CB9CBE-C7E7-4A06-BC40-A794D4673FBD}.Release|Any CPU.Build.0 = Release|Any CPU
		{D8CB9CBE-C7E7-4A06-BC40-A794D4673FBD}.Release|x64.ActiveCfg = Release|Any CPU
		{D8CB9CBE-C7E7-4A06-BC40-A794D4673FBD}.Release|x64.Build.0 = Release|Any CPU
		{D8CB9CBE-C7E7-4A06-BC40-A794D4673FBD}.Release|x86.ActiveCfg = Release|Any CPU
		{D8CB9CBE-C7E7-4A06-BC40-A794D4673FBD}.Release|x86.Build.0 = Release|Any CPU
		{67B052B8-DD00-486E-9471-3FD8DB97E534}.Debug|Any CPU.ActiveCfg = Debug|Any CPU
		{67B052B8-DD00-486E-9471-3FD8DB97E534}.Debug|Any CPU.Build.0 = Debug|Any CPU
		{67B052B8-DD00-486E-9471-3FD8DB97E534}.Debug|x64.ActiveCfg = Debug|Any CPU
		{67B052B8-DD00-486E-9471-3FD8DB97E534}.Debug|x64.Build.0 = Debug|Any CPU
		{67B052B8-DD00-486E-9471-3FD8DB97E534}.Debug|x86.ActiveCfg = Debug|Any CPU
		{67B052B8-DD00-486E-9471-3FD8DB97E534}.Debug|x86.Build.0 = Debug|Any CPU
		{67B052B8-DD00-486E-9471-3FD8DB97E534}.Release|Any CPU.ActiveCfg = Release|Any CPU
		{67B052B8-DD00-486E-9471-3FD8DB97E534}.Release|Any CPU.Build.0 = Release|Any CPU
		{67B052B8-DD00-486E-9471-3FD8DB97E534}.Release|x64.ActiveCfg = Release|Any CPU
		{67B052B8-DD00-486E-9471-3FD8DB97E534}.Release|x64.Build.0 = Release|Any CPU
		{67B052B8-DD00-486E-9471-3FD8DB97E534}.Release|x86.ActiveCfg = Release|Any CPU
		{67B052B8-DD00-486E-9471-3FD8DB97E534}.Release|x86.Build.0 = Release|Any CPU
		{7C5FBC57-2E17-47D8-BA87-9A4904D37600}.Debug|Any CPU.ActiveCfg = Debug|Any CPU
		{7C5FBC57-2E17-47D8-BA87-9A4904D37600}.Debug|Any CPU.Build.0 = Debug|Any CPU
		{7C5FBC57-2E17-47D8-BA87-9A4904D37600}.Debug|x64.ActiveCfg = Debug|Any CPU
		{7C5FBC57-2E17-47D8-BA87-9A4904D37600}.Debug|x64.Build.0 = Debug|Any CPU
		{7C5FBC57-2E17-47D8-BA87-9A4904D37600}.Debug|x86.ActiveCfg = Debug|Any CPU
		{7C5FBC57-2E17-47D8-BA87-9A4904D37600}.Debug|x86.Build.0 = Debug|Any CPU
		{7C5FBC57-2E17-47D8-BA87-9A4904D37600}.Release|Any CPU.ActiveCfg = Release|Any CPU
		{7C5FBC57-2E17-47D8-BA87-9A4904D37600}.Release|Any CPU.Build.0 = Release|Any CPU
		{7C5FBC57-2E17-47D8-BA87-9A4904D37600}.Release|x64.ActiveCfg = Release|Any CPU
		{7C5FBC57-2E17-47D8-BA87-9A4904D37600}.Release|x64.Build.0 = Release|Any CPU
		{7C5FBC57-2E17-47D8-BA87-9A4904D37600}.Release|x86.ActiveCfg = Release|Any CPU
		{7C5FBC57-2E17-47D8-BA87-9A4904D37600}.Release|x86.Build.0 = Release|Any CPU
		{7C9424AC-C85D-48A5-9023-46877D310F7C}.Debug|Any CPU.ActiveCfg = Debug|Any CPU
		{7C9424AC-C85D-48A5-9023-46877D310F7C}.Debug|Any CPU.Build.0 = Debug|Any CPU
		{7C9424AC-C85D-48A5-9023-46877D310F7C}.Debug|x64.ActiveCfg = Debug|Any CPU
		{7C9424AC-C85D-48A5-9023-46877D310F7C}.Debug|x64.Build.0 = Debug|Any CPU
		{7C9424AC-C85D-48A5-9023-46877D310F7C}.Debug|x86.ActiveCfg = Debug|Any CPU
		{7C9424AC-C85D-48A5-9023-46877D310F7C}.Debug|x86.Build.0 = Debug|Any CPU
		{7C9424AC-C85D-48A5-9023-46877D310F7C}.Release|Any CPU.ActiveCfg = Release|Any CPU
		{7C9424AC-C85D-48A5-9023-46877D310F7C}.Release|Any CPU.Build.0 = Release|Any CPU
		{7C9424AC-C85D-48A5-9023-46877D310F7C}.Release|x64.ActiveCfg = Release|Any CPU
		{7C9424AC-C85D-48A5-9023-46877D310F7C}.Release|x64.Build.0 = Release|Any CPU
		{7C9424AC-C85D-48A5-9023-46877D310F7C}.Release|x86.ActiveCfg = Release|Any CPU
		{7C9424AC-C85D-48A5-9023-46877D310F7C}.Release|x86.Build.0 = Release|Any CPU
		{D143526F-9783-418A-9BB4-FB84403CCFE7}.Debug|Any CPU.ActiveCfg = Debug|Any CPU
		{D143526F-9783-418A-9BB4-FB84403CCFE7}.Debug|Any CPU.Build.0 = Debug|Any CPU
		{D143526F-9783-418A-9BB4-FB84403CCFE7}.Debug|x64.ActiveCfg = Debug|Any CPU
		{D143526F-9783-418A-9BB4-FB84403CCFE7}.Debug|x64.Build.0 = Debug|Any CPU
		{D143526F-9783-418A-9BB4-FB84403CCFE7}.Debug|x86.ActiveCfg = Debug|Any CPU
		{D143526F-9783-418A-9BB4-FB84403CCFE7}.Debug|x86.Build.0 = Debug|Any CPU
		{D143526F-9783-418A-9BB4-FB84403CCFE7}.Release|Any CPU.ActiveCfg = Release|Any CPU
		{D143526F-9783-418A-9BB4-FB84403CCFE7}.Release|Any CPU.Build.0 = Release|Any CPU
		{D143526F-9783-418A-9BB4-FB84403CCFE7}.Release|x64.ActiveCfg = Release|Any CPU
		{D143526F-9783-418A-9BB4-FB84403CCFE7}.Release|x64.Build.0 = Release|Any CPU
		{D143526F-9783-418A-9BB4-FB84403CCFE7}.Release|x86.ActiveCfg = Release|Any CPU
		{D143526F-9783-418A-9BB4-FB84403CCFE7}.Release|x86.Build.0 = Release|Any CPU
		{5622660F-A5D7-4BB3-B7DA-C2DD2B92EBE9}.Debug|Any CPU.ActiveCfg = Debug|Any CPU
		{5622660F-A5D7-4BB3-B7DA-C2DD2B92EBE9}.Debug|Any CPU.Build.0 = Debug|Any CPU
		{5622660F-A5D7-4BB3-B7DA-C2DD2B92EBE9}.Debug|x64.ActiveCfg = Debug|Any CPU
		{5622660F-A5D7-4BB3-B7DA-C2DD2B92EBE9}.Debug|x64.Build.0 = Debug|Any CPU
		{5622660F-A5D7-4BB3-B7DA-C2DD2B92EBE9}.Debug|x86.ActiveCfg = Debug|Any CPU
		{5622660F-A5D7-4BB3-B7DA-C2DD2B92EBE9}.Debug|x86.Build.0 = Debug|Any CPU
		{5622660F-A5D7-4BB3-B7DA-C2DD2B92EBE9}.Release|Any CPU.ActiveCfg = Release|Any CPU
		{5622660F-A5D7-4BB3-B7DA-C2DD2B92EBE9}.Release|Any CPU.Build.0 = Release|Any CPU
		{5622660F-A5D7-4BB3-B7DA-C2DD2B92EBE9}.Release|x64.ActiveCfg = Release|Any CPU
		{5622660F-A5D7-4BB3-B7DA-C2DD2B92EBE9}.Release|x64.Build.0 = Release|Any CPU
		{5622660F-A5D7-4BB3-B7DA-C2DD2B92EBE9}.Release|x86.ActiveCfg = Release|Any CPU
		{5622660F-A5D7-4BB3-B7DA-C2DD2B92EBE9}.Release|x86.Build.0 = Release|Any CPU
		{CABDABF4-92C8-4A53-8242-54ED62790FCD}.Debug|Any CPU.ActiveCfg = Debug|Any CPU
		{CABDABF4-92C8-4A53-8242-54ED62790FCD}.Debug|Any CPU.Build.0 = Debug|Any CPU
		{CABDABF4-92C8-4A53-8242-54ED62790FCD}.Debug|x64.ActiveCfg = Debug|Any CPU
		{CABDABF4-92C8-4A53-8242-54ED62790FCD}.Debug|x64.Build.0 = Debug|Any CPU
		{CABDABF4-92C8-4A53-8242-54ED62790FCD}.Debug|x86.ActiveCfg = Debug|Any CPU
		{CABDABF4-92C8-4A53-8242-54ED62790FCD}.Debug|x86.Build.0 = Debug|Any CPU
		{CABDABF4-92C8-4A53-8242-54ED62790FCD}.Release|Any CPU.ActiveCfg = Release|Any CPU
		{CABDABF4-92C8-4A53-8242-54ED62790FCD}.Release|Any CPU.Build.0 = Release|Any CPU
		{CABDABF4-92C8-4A53-8242-54ED62790FCD}.Release|x64.ActiveCfg = Release|Any CPU
		{CABDABF4-92C8-4A53-8242-54ED62790FCD}.Release|x64.Build.0 = Release|Any CPU
		{CABDABF4-92C8-4A53-8242-54ED62790FCD}.Release|x86.ActiveCfg = Release|Any CPU
		{CABDABF4-92C8-4A53-8242-54ED62790FCD}.Release|x86.Build.0 = Release|Any CPU
		{FD831759-6FEB-4717-9988-625BF929E024}.Debug|Any CPU.ActiveCfg = Debug|Any CPU
		{FD831759-6FEB-4717-9988-625BF929E024}.Debug|Any CPU.Build.0 = Debug|Any CPU
		{FD831759-6FEB-4717-9988-625BF929E024}.Debug|x64.ActiveCfg = Debug|Any CPU
		{FD831759-6FEB-4717-9988-625BF929E024}.Debug|x64.Build.0 = Debug|Any CPU
		{FD831759-6FEB-4717-9988-625BF929E024}.Debug|x86.ActiveCfg = Debug|Any CPU
		{FD831759-6FEB-4717-9988-625BF929E024}.Debug|x86.Build.0 = Debug|Any CPU
		{FD831759-6FEB-4717-9988-625BF929E024}.Release|Any CPU.ActiveCfg = Release|Any CPU
		{FD831759-6FEB-4717-9988-625BF929E024}.Release|Any CPU.Build.0 = Release|Any CPU
		{FD831759-6FEB-4717-9988-625BF929E024}.Release|x64.ActiveCfg = Release|Any CPU
		{FD831759-6FEB-4717-9988-625BF929E024}.Release|x64.Build.0 = Release|Any CPU
		{FD831759-6FEB-4717-9988-625BF929E024}.Release|x86.ActiveCfg = Release|Any CPU
		{FD831759-6FEB-4717-9988-625BF929E024}.Release|x86.Build.0 = Release|Any CPU
		{2135FE66-87D0-4988-8DB1-0C1B3D753049}.Debug|Any CPU.ActiveCfg = Debug|Any CPU
		{2135FE66-87D0-4988-8DB1-0C1B3D753049}.Debug|Any CPU.Build.0 = Debug|Any CPU
		{2135FE66-87D0-4988-8DB1-0C1B3D753049}.Debug|x64.ActiveCfg = Debug|Any CPU
		{2135FE66-87D0-4988-8DB1-0C1B3D753049}.Debug|x64.Build.0 = Debug|Any CPU
		{2135FE66-87D0-4988-8DB1-0C1B3D753049}.Debug|x86.ActiveCfg = Debug|Any CPU
		{2135FE66-87D0-4988-8DB1-0C1B3D753049}.Debug|x86.Build.0 = Debug|Any CPU
		{2135FE66-87D0-4988-8DB1-0C1B3D753049}.Release|Any CPU.ActiveCfg = Release|Any CPU
		{2135FE66-87D0-4988-8DB1-0C1B3D753049}.Release|Any CPU.Build.0 = Release|Any CPU
		{2135FE66-87D0-4988-8DB1-0C1B3D753049}.Release|x64.ActiveCfg = Release|Any CPU
		{2135FE66-87D0-4988-8DB1-0C1B3D753049}.Release|x64.Build.0 = Release|Any CPU
		{2135FE66-87D0-4988-8DB1-0C1B3D753049}.Release|x86.ActiveCfg = Release|Any CPU
		{2135FE66-87D0-4988-8DB1-0C1B3D753049}.Release|x86.Build.0 = Release|Any CPU
		{4726D24E-1588-4CE5-9BF4-99CD3B583244}.Debug|Any CPU.ActiveCfg = Debug|Any CPU
		{4726D24E-1588-4CE5-9BF4-99CD3B583244}.Debug|Any CPU.Build.0 = Debug|Any CPU
		{4726D24E-1588-4CE5-9BF4-99CD3B583244}.Debug|x64.ActiveCfg = Debug|Any CPU
		{4726D24E-1588-4CE5-9BF4-99CD3B583244}.Debug|x64.Build.0 = Debug|Any CPU
		{4726D24E-1588-4CE5-9BF4-99CD3B583244}.Debug|x86.ActiveCfg = Debug|Any CPU
		{4726D24E-1588-4CE5-9BF4-99CD3B583244}.Debug|x86.Build.0 = Debug|Any CPU
		{4726D24E-1588-4CE5-9BF4-99CD3B583244}.Release|Any CPU.ActiveCfg = Release|Any CPU
		{4726D24E-1588-4CE5-9BF4-99CD3B583244}.Release|Any CPU.Build.0 = Release|Any CPU
		{4726D24E-1588-4CE5-9BF4-99CD3B583244}.Release|x64.ActiveCfg = Release|Any CPU
		{4726D24E-1588-4CE5-9BF4-99CD3B583244}.Release|x64.Build.0 = Release|Any CPU
		{4726D24E-1588-4CE5-9BF4-99CD3B583244}.Release|x86.ActiveCfg = Release|Any CPU
		{4726D24E-1588-4CE5-9BF4-99CD3B583244}.Release|x86.Build.0 = Release|Any CPU
	EndGlobalSection
	GlobalSection(SolutionProperties) = preSolution
		HideSolutionNode = FALSE
	EndGlobalSection
	GlobalSection(NestedProjects) = preSolution
		{F14CE3B1-3715-44D9-AE36-98DC8A0E2A4D} = {827E0CD3-B72D-47B6-A68D-7590B98EB39B}
		{187D433A-C5C9-462C-8141-AC94D9B8CB7A} = {827E0CD3-B72D-47B6-A68D-7590B98EB39B}
		{61298BF4-3F9C-428B-BA89-7220A4033139} = {827E0CD3-B72D-47B6-A68D-7590B98EB39B}
		{DFEEF160-EFD9-41FD-A5FF-71E533116323} = {827E0CD3-B72D-47B6-A68D-7590B98EB39B}
		{DBDB9B34-7322-47E7-8FEB-F64ADE89AD1D} = {827E0CD3-B72D-47B6-A68D-7590B98EB39B}
		{E64FC176-39B3-431A-AB82-9879D9385072} = {827E0CD3-B72D-47B6-A68D-7590B98EB39B}
		{A9FC329C-7B6B-43F1-B2AD-EC1D4012A90D} = {827E0CD3-B72D-47B6-A68D-7590B98EB39B}
		{2B33AF59-495F-4BC9-9996-6395657A316F} = {827E0CD3-B72D-47B6-A68D-7590B98EB39B}
		{0E91B777-ED38-4761-8889-8542DCDDA33D} = {827E0CD3-B72D-47B6-A68D-7590B98EB39B}
		{F83D3169-783D-4121-86C7-09715D6840F9} = {827E0CD3-B72D-47B6-A68D-7590B98EB39B}
		{1FE837CE-884E-464F-9236-393863C30817} = {827E0CD3-B72D-47B6-A68D-7590B98EB39B}
		{D8CB9CBE-C7E7-4A06-BC40-A794D4673FBD} = {827E0CD3-B72D-47B6-A68D-7590B98EB39B}
		{67B052B8-DD00-486E-9471-3FD8DB97E534} = {827E0CD3-B72D-47B6-A68D-7590B98EB39B}
		{7C5FBC57-2E17-47D8-BA87-9A4904D37600} = {827E0CD3-B72D-47B6-A68D-7590B98EB39B}
		{7C9424AC-C85D-48A5-9023-46877D310F7C} = {827E0CD3-B72D-47B6-A68D-7590B98EB39B}
		{D143526F-9783-418A-9BB4-FB84403CCFE7} = {827E0CD3-B72D-47B6-A68D-7590B98EB39B}
		{5622660F-A5D7-4BB3-B7DA-C2DD2B92EBE9} = {827E0CD3-B72D-47B6-A68D-7590B98EB39B}
		{CABDABF4-92C8-4A53-8242-54ED62790FCD} = {0AB3BF05-4346-4AA6-1389-037BE0695223}
		{FD831759-6FEB-4717-9988-625BF929E024} = {0AB3BF05-4346-4AA6-1389-037BE0695223}
		{2135FE66-87D0-4988-8DB1-0C1B3D753049} = {0AB3BF05-4346-4AA6-1389-037BE0695223}
		{4726D24E-1588-4CE5-9BF4-99CD3B583244} = {0AB3BF05-4346-4AA6-1389-037BE0695223}
	EndGlobalSection
EndGlobal
